
Microsoft Visual Studio Solution File, Format Version 12.00
# Visual Studio 15
VisualStudioVersion = 15.0.27130.2026
MinimumVisualStudioVersion = 10.0.40219.1
Project("{FAE04EC0-301F-11D3-BF4B-00C04F79EFBC}") = "TaiMingAI.WebApi", "TaiMingAI.WebApi\TaiMingAI.WebApi.csproj", "{06E563B4-B96F-428D-A102-C4ADACA37000}"
EndProject
Project("{FAE04EC0-301F-11D3-BF4B-00C04F79EFBC}") = "TaiMingAI.Tools", "TaiMingAI.Tools\TaiMingAI.Tools.csproj", "{32101BA4-818D-4A50-900B-AEFD4ECB0441}"
EndProject
Project("{FAE04EC0-301F-11D3-BF4B-00C04F79EFBC}") = "TaiMingAI.Caches", "TaiMingAI.Caches\TaiMingAI.Caches.csproj", "{624A5002-406A-4E33-9380-0752695A2E7C}"
EndProject
Project("{FAE04EC0-301F-11D3-BF4B-00C04F79EFBC}") = "ConsoleTest", "ConsoleTest\ConsoleTest.csproj", "{1C8219B3-F430-4BBB-9CA0-78543F7A0D09}"
EndProject
Project("{00D1A9C2-B5F0-4AF3-8072-F6C62B433612}") = "TaiMingAI.Database", "TaiMingAI.Database\TaiMingAI.Database.sqlproj", "{05626831-16BF-4EEC-8C52-C80087FB7393}"
EndProject
Project("{FAE04EC0-301F-11D3-BF4B-00C04F79EFBC}") = "TaiMingAI.WebApi.BLL", "TaiMingAI.WebApi.BLL\TaiMingAI.WebApi.BLL.csproj", "{7B571173-B865-4DA0-833D-786CC2D326F7}"
EndProject
Project("{FAE04EC0-301F-11D3-BF4B-00C04F79EFBC}") = "TaiMingAI.WebApi.DAL", "TaiMingAI.WebApi.DLL\TaiMingAI.WebApi.DAL.csproj", "{8D42104C-6374-4C66-995B-53E24EAAFA07}"
EndProject
Project("{FAE04EC0-301F-11D3-BF4B-00C04F79EFBC}") = "TaiMingAi.WebApi.Model", "TaiMingAi.WebApi.Model\TaiMingAi.WebApi.Model.csproj", "{2DD3F0ED-E32C-431C-BC89-1D49764FD5F8}"
EndProject
Project("{FAE04EC0-301F-11D3-BF4B-00C04F79EFBC}") = "TaiMingAI.DBTools", "TaiMingAI.DBTools\TaiMingAI.DBTools.csproj", "{4EABAC04-D30D-4AFB-AD34-D10EF766A651}"
EndProject
Project("{FAE04EC0-301F-11D3-BF4B-00C04F79EFBC}") = "TaiMingAI.Manager", "TaiMingAI.Manager\TaiMingAI.Manager.csproj", "{66CD7801-60FE-4587-A5F7-56E2B45C50DF}"
EndProject
Project("{FAE04EC0-301F-11D3-BF4B-00C04F79EFBC}") = "TaiMingAI.Manager.Model", "TaiMingAI.Manager.Model\TaiMingAI.Manager.Model.csproj", "{5FC6EF49-5E59-493E-BB09-B82CA045C530}"
EndProject
Project("{FAE04EC0-301F-11D3-BF4B-00C04F79EFBC}") = "TaiMingAI.Manager.BLL", "TaiMingAI.Manager.BLL\TaiMingAI.Manager.BLL.csproj", "{8316EA22-ACC7-4E5B-834E-0CF3E14FD665}"
EndProject
Project("{FAE04EC0-301F-11D3-BF4B-00C04F79EFBC}") = "TaiMingAI.Manager.DAL", "TaiMingAI.Manager.DAL\TaiMingAI.Manager.DAL.csproj", "{42ACA76C-6B24-4342-B001-1BA02FD58856}"
EndProject
Project("{FAE04EC0-301F-11D3-BF4B-00C04F79EFBC}") = "TaiMingAI.WindowsService", "TaiMingAI.WindowsService\TaiMingAI.WindowsService.csproj", "{22ADFCFF-FB25-4910-A093-A4E381D584DD}"
EndProject
Project("{2150E333-8FDC-42A3-9474-1A3956D46DE8}") = "BackManager", "BackManager", "{CEF605BC-B2F6-4DE5-9392-A98895FC5597}"
EndProject
Project("{2150E333-8FDC-42A3-9474-1A3956D46DE8}") = "WebAPI", "WebAPI", "{35B66EB9-461C-4E14-9ECD-ADF0F17E6321}"
EndProject
Project("{2150E333-8FDC-42A3-9474-1A3956D46DE8}") = "WindowsService", "WindowsService", "{C2DDD002-604A-485F-B9F7-FD9CCDF9C119}"
EndProject
Project("{FAE04EC0-301F-11D3-BF4B-00C04F79EFBC}") = "TaiMingAI.WindowsService.Job", "TaiMingAI.WindowsService.Job\TaiMingAI.WindowsService.Job.csproj", "{BFE668B8-6AAC-4EDF-B25C-478C5935867E}"
EndProject
Global
	GlobalSection(SolutionConfigurationPlatforms) = preSolution
		Debug|Any CPU = Debug|Any CPU
		Release|Any CPU = Release|Any CPU
	EndGlobalSection
	GlobalSection(ProjectConfigurationPlatforms) = postSolution
		{06E563B4-B96F-428D-A102-C4ADACA37000}.Debug|Any CPU.ActiveCfg = Debug|Any CPU
		{06E563B4-B96F-428D-A102-C4ADACA37000}.Debug|Any CPU.Build.0 = Debug|Any CPU
		{06E563B4-B96F-428D-A102-C4ADACA37000}.Release|Any CPU.ActiveCfg = Release|Any CPU
		{06E563B4-B96F-428D-A102-C4ADACA37000}.Release|Any CPU.Build.0 = Release|Any CPU
		{32101BA4-818D-4A50-900B-AEFD4ECB0441}.Debug|Any CPU.ActiveCfg = Debug|Any CPU
		{32101BA4-818D-4A50-900B-AEFD4ECB0441}.Debug|Any CPU.Build.0 = Debug|Any CPU
		{32101BA4-818D-4A50-900B-AEFD4ECB0441}.Release|Any CPU.ActiveCfg = Release|Any CPU
		{32101BA4-818D-4A50-900B-AEFD4ECB0441}.Release|Any CPU.Build.0 = Release|Any CPU
		{624A5002-406A-4E33-9380-0752695A2E7C}.Debug|Any CPU.ActiveCfg = Debug|Any CPU
		{624A5002-406A-4E33-9380-0752695A2E7C}.Debug|Any CPU.Build.0 = Debug|Any CPU
		{624A5002-406A-4E33-9380-0752695A2E7C}.Release|Any CPU.ActiveCfg = Release|Any CPU
		{624A5002-406A-4E33-9380-0752695A2E7C}.Release|Any CPU.Build.0 = Release|Any CPU
		{1C8219B3-F430-4BBB-9CA0-78543F7A0D09}.Debug|Any CPU.ActiveCfg = Debug|Any CPU
		{1C8219B3-F430-4BBB-9CA0-78543F7A0D09}.Debug|Any CPU.Build.0 = Debug|Any CPU
		{1C8219B3-F430-4BBB-9CA0-78543F7A0D09}.Release|Any CPU.ActiveCfg = Release|Any CPU
		{1C8219B3-F430-4BBB-9CA0-78543F7A0D09}.Release|Any CPU.Build.0 = Release|Any CPU
		{05626831-16BF-4EEC-8C52-C80087FB7393}.Debug|Any CPU.ActiveCfg = Debug|Any CPU
		{05626831-16BF-4EEC-8C52-C80087FB7393}.Debug|Any CPU.Build.0 = Debug|Any CPU
		{05626831-16BF-4EEC-8C52-C80087FB7393}.Debug|Any CPU.Deploy.0 = Debug|Any CPU
		{05626831-16BF-4EEC-8C52-C80087FB7393}.Release|Any CPU.ActiveCfg = Release|Any CPU
		{05626831-16BF-4EEC-8C52-C80087FB7393}.Release|Any CPU.Build.0 = Release|Any CPU
		{05626831-16BF-4EEC-8C52-C80087FB7393}.Release|Any CPU.Deploy.0 = Release|Any CPU
		{7B571173-B865-4DA0-833D-786CC2D326F7}.Debug|Any CPU.ActiveCfg = Debug|Any CPU
		{7B571173-B865-4DA0-833D-786CC2D326F7}.Debug|Any CPU.Build.0 = Debug|Any CPU
		{7B571173-B865-4DA0-833D-786CC2D326F7}.Release|Any CPU.ActiveCfg = Release|Any CPU
		{7B571173-B865-4DA0-833D-786CC2D326F7}.Release|Any CPU.Build.0 = Release|Any CPU
		{8D42104C-6374-4C66-995B-53E24EAAFA07}.Debug|Any CPU.ActiveCfg = Debug|Any CPU
		{8D42104C-6374-4C66-995B-53E24EAAFA07}.Debug|Any CPU.Build.0 = Debug|Any CPU
		{8D42104C-6374-4C66-995B-53E24EAAFA07}.Release|Any CPU.ActiveCfg = Release|Any CPU
		{8D42104C-6374-4C66-995B-53E24EAAFA07}.Release|Any CPU.Build.0 = Release|Any CPU
		{2DD3F0ED-E32C-431C-BC89-1D49764FD5F8}.Debug|Any CPU.ActiveCfg = Debug|Any CPU
		{2DD3F0ED-E32C-431C-BC89-1D49764FD5F8}.Debug|Any CPU.Build.0 = Debug|Any CPU
		{2DD3F0ED-E32C-431C-BC89-1D49764FD5F8}.Release|Any CPU.ActiveCfg = Release|Any CPU
		{2DD3F0ED-E32C-431C-BC89-1D49764FD5F8}.Release|Any CPU.Build.0 = Release|Any CPU
		{4EABAC04-D30D-4AFB-AD34-D10EF766A651}.Debug|Any CPU.ActiveCfg = Debug|Any CPU
		{4EABAC04-D30D-4AFB-AD34-D10EF766A651}.Debug|Any CPU.Build.0 = Debug|Any CPU
		{4EABAC04-D30D-4AFB-AD34-D10EF766A651}.Release|Any CPU.ActiveCfg = Release|Any CPU
		{4EABAC04-D30D-4AFB-AD34-D10EF766A651}.Release|Any CPU.Build.0 = Release|Any CPU
		{66CD7801-60FE-4587-A5F7-56E2B45C50DF}.Debug|Any CPU.ActiveCfg = Debug|Any CPU
		{66CD7801-60FE-4587-A5F7-56E2B45C50DF}.Debug|Any CPU.Build.0 = Debug|Any CPU
		{66CD7801-60FE-4587-A5F7-56E2B45C50DF}.Release|Any CPU.ActiveCfg = Release|Any CPU
		{66CD7801-60FE-4587-A5F7-56E2B45C50DF}.Release|Any CPU.Build.0 = Release|Any CPU
		{5FC6EF49-5E59-493E-BB09-B82CA045C530}.Debug|Any CPU.ActiveCfg = Debug|Any CPU
		{5FC6EF49-5E59-493E-BB09-B82CA045C530}.Debug|Any CPU.Build.0 = Debug|Any CPU
		{5FC6EF49-5E59-493E-BB09-B82CA045C530}.Release|Any CPU.ActiveCfg = Release|Any CPU
		{5FC6EF49-5E59-493E-BB09-B82CA045C530}.Release|Any CPU.Build.0 = Release|Any CPU
		{8316EA22-ACC7-4E5B-834E-0CF3E14FD665}.Debug|Any CPU.ActiveCfg = Debug|Any CPU
		{8316EA22-ACC7-4E5B-834E-0CF3E14FD665}.Debug|Any CPU.Build.0 = Debug|Any CPU
		{8316EA22-ACC7-4E5B-834E-0CF3E14FD665}.Release|Any CPU.ActiveCfg = Release|Any CPU
		{8316EA22-ACC7-4E5B-834E-0CF3E14FD665}.Release|Any CPU.Build.0 = Release|Any CPU
		{42ACA76C-6B24-4342-B001-1BA02FD58856}.Debug|Any CPU.ActiveCfg = Debug|Any CPU
		{42ACA76C-6B24-4342-B001-1BA02FD58856}.Debug|Any CPU.Build.0 = Debug|Any CPU
		{42ACA76C-6B24-4342-B001-1BA02FD58856}.Release|Any CPU.ActiveCfg = Release|Any CPU
		{42ACA76C-6B24-4342-B001-1BA02FD58856}.Release|Any CPU.Build.0 = Release|Any CPU
		{22ADFCFF-FB25-4910-A093-A4E381D584DD}.Debug|Any CPU.ActiveCfg = Debug|Any CPU
		{22ADFCFF-FB25-4910-A093-A4E381D584DD}.Debug|Any CPU.Build.0 = Debug|Any CPU
		{22ADFCFF-FB25-4910-A093-A4E381D584DD}.Release|Any CPU.ActiveCfg = Release|Any CPU
		{22ADFCFF-FB25-4910-A093-A4E381D584DD}.Release|Any CPU.Build.0 = Release|Any CPU
		{BFE668B8-6AAC-4EDF-B25C-478C5935867E}.Debug|Any CPU.ActiveCfg = Debug|Any CPU
		{BFE668B8-6AAC-4EDF-B25C-478C5935867E}.Debug|Any CPU.Build.0 = Debug|Any CPU
		{BFE668B8-6AAC-4EDF-B25C-478C5935867E}.Release|Any CPU.ActiveCfg = Release|Any CPU
		{BFE668B8-6AAC-4EDF-B25C-478C5935867E}.Release|Any CPU.Build.0 = Release|Any CPU
	EndGlobalSection
	GlobalSection(SolutionProperties) = preSolution
		HideSolutionNode = FALSE
	EndGlobalSection
	GlobalSection(NestedProjects) = preSolution
		{06E563B4-B96F-428D-A102-C4ADACA37000} = {35B66EB9-461C-4E14-9ECD-ADF0F17E6321}
		{7B571173-B865-4DA0-833D-786CC2D326F7} = {35B66EB9-461C-4E14-9ECD-ADF0F17E6321}
		{8D42104C-6374-4C66-995B-53E24EAAFA07} = {35B66EB9-461C-4E14-9ECD-ADF0F17E6321}
		{2DD3F0ED-E32C-431C-BC89-1D49764FD5F8} = {35B66EB9-461C-4E14-9ECD-ADF0F17E6321}
		{66CD7801-60FE-4587-A5F7-56E2B45C50DF} = {CEF605BC-B2F6-4DE5-9392-A98895FC5597}
		{5FC6EF49-5E59-493E-BB09-B82CA045C530} = {CEF605BC-B2F6-4DE5-9392-A98895FC5597}
		{8316EA22-ACC7-4E5B-834E-0CF3E14FD665} = {CEF605BC-B2F6-4DE5-9392-A98895FC5597}
		{42ACA76C-6B24-4342-B001-1BA02FD58856} = {CEF605BC-B2F6-4DE5-9392-A98895FC5597}
		{22ADFCFF-FB25-4910-A093-A4E381D584DD} = {C2DDD002-604A-485F-B9F7-FD9CCDF9C119}
		{BFE668B8-6AAC-4EDF-B25C-478C5935867E} = {C2DDD002-604A-485F-B9F7-FD9CCDF9C119}
	EndGlobalSection
	GlobalSection(ExtensibilityGlobals) = postSolution
		SolutionGuid = {7137E536-6C1C-4F44-B785-84FE6887A025}
	EndGlobalSection
EndGlobal
